
Microsoft Visual Studio Solution File, Format Version 12.00
# Visual Studio Version 17
VisualStudioVersion = 17.13.35931.197
MinimumVisualStudioVersion = 10.0.40219.1
Project("{FAE04EC0-301F-11D3-BF4B-00C04F79EFBC}") = "ConsTestSol7.10", "ConsTestSolution7.10.25\ConsTestSol7.10.csproj", "{AE7E661A-D507-49EA-B0CC-00390134BB7C}"
EndProject
Project("{FAE04EC0-301F-11D3-BF4B-00C04F79EFBC}") = "TestProject1", "TestProject1\TestProject1.csproj", "{B80BE904-06F8-4757-BE38-981A04547EA8}"
EndProject
Global
	GlobalSection(SolutionConfigurationPlatforms) = preSolution
		Debug|Any CPU = Debug|Any CPU
		Release|Any CPU = Release|Any CPU
	EndGlobalSection
	GlobalSection(ProjectConfigurationPlatforms) = postSolution
		{AE7E661A-D507-49EA-B0CC-00390134BB7C}.Debug|Any CPU.ActiveCfg = Debug|Any CPU
		{AE7E661A-D507-49EA-B0CC-00390134BB7C}.Debug|Any CPU.Build.0 = Debug|Any CPU
		{AE7E661A-D507-49EA-B0CC-00390134BB7C}.Release|Any CPU.ActiveCfg = Release|Any CPU
		{AE7E661A-D507-49EA-B0CC-00390134BB7C}.Release|Any CPU.Build.0 = Release|Any CPU
		{B80BE904-06F8-4757-BE38-981A04547EA8}.Debug|Any CPU.ActiveCfg = Debug|Any CPU
		{B80BE904-06F8-4757-BE38-981A04547EA8}.Debug|Any CPU.Build.0 = Debug|Any CPU
		{B80BE904-06F8-4757-BE38-981A04547EA8}.Release|Any CPU.ActiveCfg = Release|Any CPU
		{B80BE904-06F8-4757-BE38-981A04547EA8}.Release|Any CPU.Build.0 = Release|Any CPU
	EndGlobalSection
	GlobalSection(SolutionProperties) = preSolution
		HideSolutionNode = FALSE
	EndGlobalSection
	GlobalSection(ExtensibilityGlobals) = postSolution
		SolutionGuid = {F16F6958-BC0D-41B2-8C6E-4DBCA8096C65}
	EndGlobalSection
EndGlobal
